
Microsoft Visual Studio Solution File, Format Version 12.00
# Visual Studio Version 16
VisualStudioVersion = 25.0.1706.14
MinimumVisualStudioVersion = 10.0.40219.1
Project("{FAE04EC0-301F-11D3-BF4B-00C04F79EFBC}") = "Lesson_50_HT", "Lesson_50_HT\Lesson_50_HT.csproj", "{B5DF7AA3-195C-43B9-A70E-BE70DE4E3492}"
EndProject
Global
	GlobalSection(SolutionConfigurationPlatforms) = preSolution
		Debug|Any CPU = Debug|Any CPU
		Release|Any CPU = Release|Any CPU
	EndGlobalSection
	GlobalSection(ProjectConfigurationPlatforms) = postSolution
		{B5DF7AA3-195C-43B9-A70E-BE70DE4E3492}.Debug|Any CPU.ActiveCfg = Debug|Any CPU
		{B5DF7AA3-195C-43B9-A70E-BE70DE4E3492}.Debug|Any CPU.Build.0 = Debug|Any CPU
		{B5DF7AA3-195C-43B9-A70E-BE70DE4E3492}.Release|Any CPU.ActiveCfg = Release|Any CPU
		{B5DF7AA3-195C-43B9-A70E-BE70DE4E3492}.Release|Any CPU.Build.0 = Release|Any CPU
	EndGlobalSection
	GlobalSection(SolutionProperties) = preSolution
		HideSolutionNode = FALSE
	EndGlobalSection
	GlobalSection(ExtensibilityGlobals) = postSolution
		SolutionGuid = {58F7621E-0F01-48D5-8768-E46D58AABA41}
	EndGlobalSection
EndGlobal
