
Microsoft Visual Studio Solution File, Format Version 12.00
# Visual Studio Version 17
VisualStudioVersion = 17.11.35222.181
MinimumVisualStudioVersion = 10.0.40219.1
Project("{FAE04EC0-301F-11D3-BF4B-00C04F79EFBC}") = "Lesson_58_HT", "Lesson_58_HT\Lesson_58_HT.csproj", "{22F55643-6EE6-416C-AED1-005A6F63AA5E}"
EndProject
Global
	GlobalSection(SolutionConfigurationPlatforms) = preSolution
		Debug|Any CPU = Debug|Any CPU
		Release|Any CPU = Release|Any CPU
	EndGlobalSection
	GlobalSection(ProjectConfigurationPlatforms) = postSolution
		{22F55643-6EE6-416C-AED1-005A6F63AA5E}.Debug|Any CPU.ActiveCfg = Debug|Any CPU
		{22F55643-6EE6-416C-AED1-005A6F63AA5E}.Debug|Any CPU.Build.0 = Debug|Any CPU
		{22F55643-6EE6-416C-AED1-005A6F63AA5E}.Release|Any CPU.ActiveCfg = Release|Any CPU
		{22F55643-6EE6-416C-AED1-005A6F63AA5E}.Release|Any CPU.Build.0 = Release|Any CPU
	EndGlobalSection
	GlobalSection(SolutionProperties) = preSolution
		HideSolutionNode = FALSE
	EndGlobalSection
	GlobalSection(ExtensibilityGlobals) = postSolution
		SolutionGuid = {0E076BBD-DAC9-4DFD-8D09-27DD44A4C4E0}
	EndGlobalSection
EndGlobal
