
Microsoft Visual Studio Solution File, Format Version 12.00
# Visual Studio Version 16
VisualStudioVersion = 25.0.1706.14
MinimumVisualStudioVersion = 10.0.40219.1
Project("{FAE04EC0-301F-11D3-BF4B-00C04F79EFBC}") = "RegistrationForm", "RegistrationForm\RegistrationForm.csproj", "{3113D753-ACC1-4623-9C15-E303A295E601}"
EndProject
Global
	GlobalSection(SolutionConfigurationPlatforms) = preSolution
		Debug|Any CPU = Debug|Any CPU
		Release|Any CPU = Release|Any CPU
	EndGlobalSection
	GlobalSection(ProjectConfigurationPlatforms) = postSolution
		{3113D753-ACC1-4623-9C15-E303A295E601}.Debug|Any CPU.ActiveCfg = Debug|Any CPU
		{3113D753-ACC1-4623-9C15-E303A295E601}.Debug|Any CPU.Build.0 = Debug|Any CPU
		{3113D753-ACC1-4623-9C15-E303A295E601}.Release|Any CPU.ActiveCfg = Release|Any CPU
		{3113D753-ACC1-4623-9C15-E303A295E601}.Release|Any CPU.Build.0 = Release|Any CPU
	EndGlobalSection
	GlobalSection(SolutionProperties) = preSolution
		HideSolutionNode = FALSE
	EndGlobalSection
	GlobalSection(ExtensibilityGlobals) = postSolution
		SolutionGuid = {2D658B77-7436-4B6B-A956-DD4C5A711452}
	EndGlobalSection
EndGlobal
