
Microsoft Visual Studio Solution File, Format Version 12.00
# Visual Studio Version 17
VisualStudioVersion = 17.11.35222.181
MinimumVisualStudioVersion = 10.0.40219.1
Project("{9A19103F-16F7-4668-BE54-9A1E7A4F7556}") = "Lesson_49_HT", "Lesson_49_HT\Lesson_49_HT.csproj", "{839769E9-320E-44F6-AA9E-A2141DC4DB14}"
EndProject
Project("{FAE04EC0-301F-11D3-BF4B-00C04F79EFBC}") = "MyList", "MyList\MyList.csproj", "{5AF7C61D-64D3-410E-954E-7E7A8EE76A98}"
EndProject
Global
	GlobalSection(SolutionConfigurationPlatforms) = preSolution
		Debug|Any CPU = Debug|Any CPU
		Release|Any CPU = Release|Any CPU
	EndGlobalSection
	GlobalSection(ProjectConfigurationPlatforms) = postSolution
		{839769E9-320E-44F6-AA9E-A2141DC4DB14}.Debug|Any CPU.ActiveCfg = Debug|Any CPU
		{839769E9-320E-44F6-AA9E-A2141DC4DB14}.Debug|Any CPU.Build.0 = Debug|Any CPU
		{839769E9-320E-44F6-AA9E-A2141DC4DB14}.Release|Any CPU.ActiveCfg = Release|Any CPU
		{839769E9-320E-44F6-AA9E-A2141DC4DB14}.Release|Any CPU.Build.0 = Release|Any CPU
		{5AF7C61D-64D3-410E-954E-7E7A8EE76A98}.Debug|Any CPU.ActiveCfg = Debug|Any CPU
		{5AF7C61D-64D3-410E-954E-7E7A8EE76A98}.Debug|Any CPU.Build.0 = Debug|Any CPU
		{5AF7C61D-64D3-410E-954E-7E7A8EE76A98}.Release|Any CPU.ActiveCfg = Release|Any CPU
		{5AF7C61D-64D3-410E-954E-7E7A8EE76A98}.Release|Any CPU.Build.0 = Release|Any CPU
	EndGlobalSection
	GlobalSection(SolutionProperties) = preSolution
		HideSolutionNode = FALSE
	EndGlobalSection
	GlobalSection(ExtensibilityGlobals) = postSolution
		SolutionGuid = {DB1A8A7E-BD8F-4A38-9F7B-90715D45F782}
	EndGlobalSection
EndGlobal
