
Microsoft Visual Studio Solution File, Format Version 12.00
# Visual Studio Version 16
VisualStudioVersion = 25.0.1706.14
MinimumVisualStudioVersion = 10.0.40219.1
Project("{FAE04EC0-301F-11D3-BF4B-00C04F79EFBC}") = "Lesson_52_HT", "Lesson_52_HT\Lesson_52_HT.csproj", "{0F7FACD5-EAFD-4E88-9990-BBEE79B681BD}"
EndProject
Global
	GlobalSection(SolutionConfigurationPlatforms) = preSolution
		Debug|Any CPU = Debug|Any CPU
		Release|Any CPU = Release|Any CPU
	EndGlobalSection
	GlobalSection(ProjectConfigurationPlatforms) = postSolution
		{0F7FACD5-EAFD-4E88-9990-BBEE79B681BD}.Debug|Any CPU.ActiveCfg = Debug|Any CPU
		{0F7FACD5-EAFD-4E88-9990-BBEE79B681BD}.Debug|Any CPU.Build.0 = Debug|Any CPU
		{0F7FACD5-EAFD-4E88-9990-BBEE79B681BD}.Release|Any CPU.ActiveCfg = Release|Any CPU
		{0F7FACD5-EAFD-4E88-9990-BBEE79B681BD}.Release|Any CPU.Build.0 = Release|Any CPU
	EndGlobalSection
	GlobalSection(SolutionProperties) = preSolution
		HideSolutionNode = FALSE
	EndGlobalSection
	GlobalSection(ExtensibilityGlobals) = postSolution
		SolutionGuid = {E4EDF797-B9EE-49C7-83F1-F9F8565044C9}
	EndGlobalSection
EndGlobal
