
Microsoft Visual Studio Solution File, Format Version 12.00
# Visual Studio Version 16
VisualStudioVersion = 25.0.1706.14
MinimumVisualStudioVersion = 10.0.40219.1
Project("{FAE04EC0-301F-11D3-BF4B-00C04F79EFBC}") = "Lesson_45_HT", "Lesson_45_HT\Lesson_45_HT.csproj", "{1275E284-CAA6-4AB9-AE90-E99728607A29}"
EndProject
Global
	GlobalSection(SolutionConfigurationPlatforms) = preSolution
		Debug|Any CPU = Debug|Any CPU
		Release|Any CPU = Release|Any CPU
	EndGlobalSection
	GlobalSection(ProjectConfigurationPlatforms) = postSolution
		{1275E284-CAA6-4AB9-AE90-E99728607A29}.Debug|Any CPU.ActiveCfg = Debug|Any CPU
		{1275E284-CAA6-4AB9-AE90-E99728607A29}.Debug|Any CPU.Build.0 = Debug|Any CPU
		{1275E284-CAA6-4AB9-AE90-E99728607A29}.Release|Any CPU.ActiveCfg = Release|Any CPU
		{1275E284-CAA6-4AB9-AE90-E99728607A29}.Release|Any CPU.Build.0 = Release|Any CPU
	EndGlobalSection
	GlobalSection(SolutionProperties) = preSolution
		HideSolutionNode = FALSE
	EndGlobalSection
	GlobalSection(ExtensibilityGlobals) = postSolution
		SolutionGuid = {AE14CB15-2798-4301-97F1-5401DDCDC2A6}
	EndGlobalSection
EndGlobal
