
Microsoft Visual Studio Solution File, Format Version 12.00
# Visual Studio Version 16
VisualStudioVersion = 25.0.1706.14
MinimumVisualStudioVersion = 10.0.40219.1
Project("{FAE04EC0-301F-11D3-BF4B-00C04F79EFBC}") = "Lesson_39_HT", "Lesson_39_HT\Lesson_39_HT.csproj", "{038AA81D-3646-4C68-B7BF-BF7EC79F34D7}"
EndProject
Global
	GlobalSection(SolutionConfigurationPlatforms) = preSolution
		Debug|Any CPU = Debug|Any CPU
		Release|Any CPU = Release|Any CPU
	EndGlobalSection
	GlobalSection(ProjectConfigurationPlatforms) = postSolution
		{038AA81D-3646-4C68-B7BF-BF7EC79F34D7}.Debug|Any CPU.ActiveCfg = Debug|Any CPU
		{038AA81D-3646-4C68-B7BF-BF7EC79F34D7}.Debug|Any CPU.Build.0 = Debug|Any CPU
		{038AA81D-3646-4C68-B7BF-BF7EC79F34D7}.Release|Any CPU.ActiveCfg = Release|Any CPU
		{038AA81D-3646-4C68-B7BF-BF7EC79F34D7}.Release|Any CPU.Build.0 = Release|Any CPU
	EndGlobalSection
	GlobalSection(SolutionProperties) = preSolution
		HideSolutionNode = FALSE
	EndGlobalSection
	GlobalSection(ExtensibilityGlobals) = postSolution
		SolutionGuid = {208A7A0F-D70C-4506-BFC7-274077C164CA}
	EndGlobalSection
EndGlobal
